{
   "modules" : {
      "Mouse" : {
         "dist" : "Mouse-1.11",
         "mymeta" : {
            "abstract" : "Moose minus the antlers",
            "author" : [
               "Shawn M Moore <sartak at gmail.com>"
            ],
            "dynamic_config" : 0,
            "generated_by" : "Module::Install version 1.06, CPAN::Meta::Converter version 2.120921",
            "license" : [
               "perl_5"
            ],
            "meta-spec" : {
               "url" : "http://search.cpan.org/perldoc?CPAN::Meta::Spec",
               "version" : "2"
            },
            "name" : "Mouse",
            "no_index" : {
               "directory" : [
                  "example",
                  "inc",
                  "t",
                  "xt"
               ]
            },
            "prereqs" : {
               "build" : {
                  "requires" : {
                     "Devel::PPPort" : "3.19",
                     "ExtUtils::MakeMaker" : "6.59",
                     "ExtUtils::ParseXS" : "2.21",
                     "Test::More" : "0.88"
                  }
               },
               "configure" : {
                  "requires" : {
                     "Devel::PPPort" : "3.19",
                     "ExtUtils::MakeMaker" : "6.59",
                     "ExtUtils::ParseXS" : "2.21"
                  }
               },
               "runtime" : {
                  "requires" : {
                     "Scalar::Util" : "1.14",
                     "XSLoader" : "0.02",
                     "perl" : "5.006002"
                  }
               }
            },
            "release_status" : "stable",
            "resources" : {
               "license" : [
                  "http://dev.perl.org/licenses/"
               ],
               "repository" : {
                  "type" : "git",
                  "url" : "git://github.com/gfx/p5-Mouse.git"
               }
            },
            "version" : "1.11",
            "x_module_name" : "Mouse"
         },
         "name" : "Mouse",
         "pathname" : "G/GF/GFUJI/Mouse-1.11.tar.gz",
         "provides" : {
            "Mouse" : {
               "file" : "Mouse.pm",
               "version" : "1.11"
            },
            "Mouse::Exporter" : {
               "file" : "Mouse/Exporter.pm"
            },
            "Mouse::Meta::Attribute" : {
               "file" : "Mouse/Meta/Attribute.pm"
            },
            "Mouse::Meta::Class" : {
               "file" : "Mouse/Meta/Class.pm"
            },
            "Mouse::Meta::Method" : {
               "file" : "Mouse/Meta/Method.pm"
            },
            "Mouse::Meta::Method::Accessor" : {
               "file" : "Mouse/Meta/Method/Accessor.pm"
            },
            "Mouse::Meta::Method::Constructor" : {
               "file" : "Mouse/Meta/Method/Constructor.pm"
            },
            "Mouse::Meta::Method::Delegation" : {
               "file" : "Mouse/Meta/Method/Delegation.pm"
            },
            "Mouse::Meta::Method::Destructor" : {
               "file" : "Mouse/Meta/Method/Destructor.pm"
            },
            "Mouse::Meta::Module" : {
               "file" : "Mouse/Meta/Module.pm"
            },
            "Mouse::Meta::Role" : {
               "file" : "Mouse/Meta/Role.pm"
            },
            "Mouse::Meta::Role::Application" : {
               "file" : "Mouse/Meta/Role/Application.pm"
            },
            "Mouse::Meta::Role::Application::RoleSummation" : {
               "file" : "Mouse/Tiny.pm"
            },
            "Mouse::Meta::Role::Composite" : {
               "file" : "Mouse/Meta/Role/Composite.pm"
            },
            "Mouse::Meta::Role::Method" : {
               "file" : "Mouse/Meta/Role/Method.pm"
            },
            "Mouse::Meta::TypeConstraint" : {
               "file" : "Mouse/Meta/TypeConstraint.pm"
            },
            "Mouse::Object" : {
               "file" : "Mouse/Object.pm"
            },
            "Mouse::PurePerl" : {
               "file" : "Mouse/PurePerl.pm"
            },
            "Mouse::Role" : {
               "file" : "Mouse/Role.pm",
               "version" : "1.11"
            },
            "Mouse::Spec" : {
               "file" : "Mouse/Spec.pm",
               "version" : "1.11"
            },
            "Mouse::Tiny" : {
               "file" : "Mouse/Tiny.pm",
               "version" : "1.11"
            },
            "Mouse::TypeRegistry" : {
               "file" : "Mouse/TypeRegistry.pm"
            },
            "Mouse::Util" : {
               "file" : "Mouse/Util.pm",
               "version" : "1.11"
            },
            "Mouse::Util::MetaRole" : {
               "file" : "Mouse/Util/MetaRole.pm"
            },
            "Mouse::Util::TypeConstraints" : {
               "file" : "Mouse/Util/TypeConstraints.pm"
            },
            "Squirrel" : {
               "file" : "Squirrel.pm"
            },
            "Squirrel::Role" : {
               "file" : "Squirrel/Role.pm"
            },
            "Test::Mouse" : {
               "file" : "Test/Mouse.pm"
            },
            "ouse" : {
               "file" : "ouse.pm"
            }
         },
         "target" : "Mouse",
         "version" : "1.11"
      }
   },
   "version" : "0.9"
}
